
Microsoft Visual Studio Solution File, Format Version 12.00
# Visual Studio Version 16
VisualStudioVersion = 16.0.810.4
MinimumVisualStudioVersion = 10.0.40219.1
Project("{FAE04EC0-301F-11D3-BF4B-00C04F79EFBC}") = "SafePasswordGenerator", "SafePasswordGenerator\SafePasswordGenerator.csproj", "{D4560708-9704-4D1A-AD8D-6FCB5DC0F2C3}"
EndProject
Project("{FAE04EC0-301F-11D3-BF4B-00C04F79EFBC}") = "SafePasswordGenerator.Tests", "SafePasswordGenerator.Tests\SafePasswordGenerator.Tests.csproj", "{CF051781-97B5-4355-802F-241F56D220A0}"
EndProject
Project("{2150E333-8FDC-42A3-9474-1A3956D46DE8}") = "Solution Items", "Solution Items", "{EA36AE13-247C-423F-A8E0-B6F433B608E2}"
	ProjectSection(SolutionItems) = preProject
		.gitignore = .gitignore
	EndProjectSection
EndProject
Global
	GlobalSection(SolutionConfigurationPlatforms) = preSolution
		Debug|Any CPU = Debug|Any CPU
		Release|Any CPU = Release|Any CPU
	EndGlobalSection
	GlobalSection(ProjectConfigurationPlatforms) = postSolution
		{D4560708-9704-4D1A-AD8D-6FCB5DC0F2C3}.Debug|Any CPU.ActiveCfg = Debug|Any CPU
		{D4560708-9704-4D1A-AD8D-6FCB5DC0F2C3}.Debug|Any CPU.Build.0 = Debug|Any CPU
		{D4560708-9704-4D1A-AD8D-6FCB5DC0F2C3}.Release|Any CPU.ActiveCfg = Release|Any CPU
		{D4560708-9704-4D1A-AD8D-6FCB5DC0F2C3}.Release|Any CPU.Build.0 = Release|Any CPU
		{CF051781-97B5-4355-802F-241F56D220A0}.Debug|Any CPU.ActiveCfg = Debug|Any CPU
		{CF051781-97B5-4355-802F-241F56D220A0}.Debug|Any CPU.Build.0 = Debug|Any CPU
		{CF051781-97B5-4355-802F-241F56D220A0}.Release|Any CPU.ActiveCfg = Release|Any CPU
		{CF051781-97B5-4355-802F-241F56D220A0}.Release|Any CPU.Build.0 = Release|Any CPU
	EndGlobalSection
	GlobalSection(SolutionProperties) = preSolution
		HideSolutionNode = FALSE
	EndGlobalSection
	GlobalSection(ExtensibilityGlobals) = postSolution
		SolutionGuid = {F6543B75-BB8B-4F86-981E-3A093FBDCB40}
	EndGlobalSection
EndGlobal
